// !$*UTF8*$!
{
	archiveVersion = 1;
	classes = {
	};
	objectVersion = 46;
	objects = {

/* Begin PBXBuildFile section */
		6A6E736B15ED0BB700B49D35 /* UIKit.framework in Frameworks */ = {isa = PBXBuildFile; fileRef = 6A6E736A15ED0BB700B49D35 /* UIKit.framework */; };
		6A6E736D15ED0BB700B49D35 /* Foundation.framework in Frameworks */ = {isa = PBXBuildFile; fileRef = 6A6E736C15ED0BB700B49D35 /* Foundation.framework */; };
		6A6E736F15ED0BB700B49D35 /* CoreGraphics.framework in Frameworks */ = {isa = PBXBuildFile; fileRef = 6A6E736E15ED0BB700B49D35 /* CoreGraphics.framework */; };
		6A6E737515ED0BB700B49D35 /* InfoPlist.strings in Resources */ = {isa = PBXBuildFile; fileRef = 6A6E737315ED0BB700B49D35 /* InfoPlist.strings */; };
		6A6E737715ED0BB700B49D35 /* main.m in Sources */ = {isa = PBXBuildFile; fileRef = 6A6E737615ED0BB700B49D35 /* main.m */; };
		6A6E737B15ED0BB700B49D35 /* PrincipalAppDelegate.m in Sources */ = {isa = PBXBuildFile; fileRef = 6A6E737A15ED0BB700B49D35 /* PrincipalAppDelegate.m */; };
		6A6E737E15ED0BB700B49D35 /* MainStoryboard.storyboard in Resources */ = {isa = PBXBuildFile; fileRef = 6A6E737C15ED0BB700B49D35 /* MainStoryboard.storyboard */; };
		6A6E738115ED0BB700B49D35 /* PrincipalViewController.m in Sources */ = {isa = PBXBuildFile; fileRef = 6A6E738015ED0BB700B49D35 /* PrincipalViewController.m */; };
		6A6E738915ED0BB700B49D35 /* SenTestingKit.framework in Frameworks */ = {isa = PBXBuildFile; fileRef = 6A6E738815ED0BB700B49D35 /* SenTestingKit.framework */; };
		6A6E738A15ED0BB700B49D35 /* UIKit.framework in Frameworks */ = {isa = PBXBuildFile; fileRef = 6A6E736A15ED0BB700B49D35 /* UIKit.framework */; };
		6A6E738B15ED0BB700B49D35 /* Foundation.framework in Frameworks */ = {isa = PBXBuildFile; fileRef = 6A6E736C15ED0BB700B49D35 /* Foundation.framework */; };
		6A6E739315ED0BB700B49D35 /* InfoPlist.strings in Resources */ = {isa = PBXBuildFile; fileRef = 6A6E739115ED0BB700B49D35 /* InfoPlist.strings */; };
		6A6E739615ED0BB700B49D35 /* ModalSBTests.m in Sources */ = {isa = PBXBuildFile; fileRef = 6A6E739515ED0BB700B49D35 /* ModalSBTests.m */; };
/* End PBXBuildFile section */

/* Begin PBXContainerItemProxy section */
		6A6E738C15ED0BB700B49D35 /* PBXContainerItemProxy */ = {
			isa = PBXContainerItemProxy;
			containerPortal = 6A6E735D15ED0BB700B49D35 /* Project object */;
			proxyType = 1;
			remoteGlobalIDString = 6A6E736515ED0BB700B49D35;
			remoteInfo = ModalSB;
		};
/* End PBXContainerItemProxy section */

/* Begin PBXFileReference section */
		6A6E736615ED0BB700B49D35 /* ModalSB.app */ = {isa = PBXFileReference; explicitFileType = wrapper.application; includeInIndex = 0; path = ModalSB.app; sourceTree = BUILT_PRODUCTS_DIR; };
		6A6E736A15ED0BB700B49D35 /* UIKit.framework */ = {isa = PBXFileReference; lastKnownFileType = wrapper.framework; name = UIKit.framework; path = System/Library/Frameworks/UIKit.framework; sourceTree = SDKROOT; };
		6A6E736C15ED0BB700B49D35 /* Foundation.framework */ = {isa = PBXFileReference; lastKnownFileType = wrapper.framework; name = Foundation.framework; path = System/Library/Frameworks/Foundation.framework; sourceTree = SDKROOT; };
		6A6E736E15ED0BB700B49D35 /* CoreGraphics.framework */ = {isa = PBXFileReference; lastKnownFileType = wrapper.framework; name = CoreGraphics.framework; path = System/Library/Frameworks/CoreGraphics.framework; sourceTree = SDKROOT; };
		6A6E737215ED0BB700B49D35 /* ModalSB-Info.plist */ = {isa = PBXFileReference; lastKnownFileType = text.plist.xml; path = "ModalSB-Info.plist"; sourceTree = "<group>"; };
		6A6E737415ED0BB700B49D35 /* en */ = {isa = PBXFileReference; lastKnownFileType = text.plist.strings; name = en; path = en.lproj/InfoPlist.strings; sourceTree = "<group>"; };
		6A6E737615ED0BB700B49D35 /* main.m */ = {isa = PBXFileReference; lastKnownFileType = sourcecode.c.objc; path = main.m; sourceTree = "<group>"; };
		6A6E737815ED0BB700B49D35 /* ModalSB-Prefix.pch */ = {isa = PBXFileReference; lastKnownFileType = sourcecode.c.h; path = "ModalSB-Prefix.pch"; sourceTree = "<group>"; };
		6A6E737915ED0BB700B49D35 /* PrincipalAppDelegate.h */ = {isa = PBXFileReference; lastKnownFileType = sourcecode.c.h; path = PrincipalAppDelegate.h; sourceTree = "<group>"; };
		6A6E737A15ED0BB700B49D35 /* PrincipalAppDelegate.m */ = {isa = PBXFileReference; lastKnownFileType = sourcecode.c.objc; path = PrincipalAppDelegate.m; sourceTree = "<group>"; };
		6A6E737D15ED0BB700B49D35 /* en */ = {isa = PBXFileReference; lastKnownFileType = file.storyboard; name = en; path = en.lproj/MainStoryboard.storyboard; sourceTree = "<group>"; };
		6A6E737F15ED0BB700B49D35 /* PrincipalViewController.h */ = {isa = PBXFileReference; lastKnownFileType = sourcecode.c.h; path = PrincipalViewController.h; sourceTree = "<group>"; };
		6A6E738015ED0BB700B49D35 /* PrincipalViewController.m */ = {isa = PBXFileReference; lastKnownFileType = sourcecode.c.objc; path = PrincipalViewController.m; sourceTree = "<group>"; };
		6A6E738715ED0BB700B49D35 /* ModalSBTests.octest */ = {isa = PBXFileReference; explicitFileType = wrapper.cfbundle; includeInIndex = 0; path = ModalSBTests.octest; sourceTree = BUILT_PRODUCTS_DIR; };
		6A6E738815ED0BB700B49D35 /* SenTestingKit.framework */ = {isa = PBXFileReference; lastKnownFileType = wrapper.framework; name = SenTestingKit.framework; path = Library/Frameworks/SenTestingKit.framework; sourceTree = DEVELOPER_DIR; };
		6A6E739015ED0BB700B49D35 /* ModalSBTests-Info.plist */ = {isa = PBXFileReference; lastKnownFileType = text.plist.xml; path = "ModalSBTests-Info.plist"; sourceTree = "<group>"; };
		6A6E739215ED0BB700B49D35 /* en */ = {isa = PBXFileReference; lastKnownFileType = text.plist.strings; name = en; path = en.lproj/InfoPlist.strings; sourceTree = "<group>"; };
		6A6E739415ED0BB700B49D35 /* ModalSBTests.h */ = {isa = PBXFileReference; lastKnownFileType = sourcecode.c.h; path = ModalSBTests.h; sourceTree = "<group>"; };
		6A6E739515ED0BB700B49D35 /* ModalSBTests.m */ = {isa = PBXFileReference; lastKnownFileType = sourcecode.c.objc; path = ModalSBTests.m; sourceTree = "<group>"; };
/* End PBXFileReference section */

/* Begin PBXFrameworksBuildPhase section */
		6A6E736315ED0BB700B49D35 /* Frameworks */ = {
			isa = PBXFrameworksBuildPhase;
			buildActionMask = 2147483647;
			files = (
				6A6E736B15ED0BB700B49D35 /* UIKit.framework in Frameworks */,
				6A6E736D15ED0BB700B49D35 /* Foundation.framework in Frameworks */,
				6A6E736F15ED0BB700B49D35 /* CoreGraphics.framework in Frameworks */,
			);
			runOnlyForDeploymentPostprocessing = 0;
		};
		6A6E738315ED0BB700B49D35 /* Frameworks */ = {
			isa = PBXFrameworksBuildPhase;
			buildActionMask = 2147483647;
			files = (
				6A6E738915ED0BB700B49D35 /* SenTestingKit.framework in Frameworks */,
				6A6E738A15ED0BB700B49D35 /* UIKit.framework in Frameworks */,
				6A6E738B15ED0BB700B49D35 /* Foundation.framework in Frameworks */,
			);
			runOnlyForDeploymentPostprocessing = 0;
		};
/* End PBXFrameworksBuildPhase section */

/* Begin PBXGroup section */
		6A6E735B15ED0BB700B49D35 = {
			isa = PBXGroup;
			children = (
				6A6E737015ED0BB700B49D35 /* ModalSB */,
				6A6E738E15ED0BB700B49D35 /* ModalSBTests */,
				6A6E736915ED0BB700B49D35 /* Frameworks */,
				6A6E736715ED0BB700B49D35 /* Products */,
			);
			sourceTree = "<group>";
		};
		6A6E736715ED0BB700B49D35 /* Products */ = {
			isa = PBXGroup;
			children = (
				6A6E736615ED0BB700B49D35 /* ModalSB.app */,
				6A6E738715ED0BB700B49D35 /* ModalSBTests.octest */,
			);
			name = Products;
			sourceTree = "<group>";
		};
		6A6E736915ED0BB700B49D35 /* Frameworks */ = {
			isa = PBXGroup;
			children = (
				6A6E736A15ED0BB700B49D35 /* UIKit.framework */,
				6A6E736C15ED0BB700B49D35 /* Foundation.framework */,
				6A6E736E15ED0BB700B49D35 /* CoreGraphics.framework */,
				6A6E738815ED0BB700B49D35 /* SenTestingKit.framework */,
			);
			name = Frameworks;
			sourceTree = "<group>";
		};
		6A6E737015ED0BB700B49D35 /* ModalSB */ = {
			isa = PBXGroup;
			children = (
				6A6E737915ED0BB700B49D35 /* PrincipalAppDelegate.h */,
				6A6E737A15ED0BB700B49D35 /* PrincipalAppDelegate.m */,
				6A6E737C15ED0BB700B49D35 /* MainStoryboard.storyboard */,
				6A6E737F15ED0BB700B49D35 /* PrincipalViewController.h */,
				6A6E738015ED0BB700B49D35 /* PrincipalViewController.m */,
				6A6E737115ED0BB700B49D35 /* Supporting Files */,
			);
			path = ModalSB;
			sourceTree = "<group>";
		};
		6A6E737115ED0BB700B49D35 /* Supporting Files */ = {
			isa = PBXGroup;
			children = (
				6A6E737215ED0BB700B49D35 /* ModalSB-Info.plist */,
				6A6E737315ED0BB700B49D35 /* InfoPlist.strings */,
				6A6E737615ED0BB700B49D35 /* main.m */,
				6A6E737815ED0BB700B49D35 /* ModalSB-Prefix.pch */,
			);
			name = "Supporting Files";
			sourceTree = "<group>";
		};
		6A6E738E15ED0BB700B49D35 /* ModalSBTests */ = {
			isa = PBXGroup;
			children = (
				6A6E739415ED0BB700B49D35 /* ModalSBTests.h */,
				6A6E739515ED0BB700B49D35 /* ModalSBTests.m */,
				6A6E738F15ED0BB700B49D35 /* Supporting Files */,
			);
			path = ModalSBTests;
			sourceTree = "<group>";
		};
		6A6E738F15ED0BB700B49D35 /* Supporting Files */ = {
			isa = PBXGroup;
			children = (
				6A6E739015ED0BB700B49D35 /* ModalSBTests-Info.plist */,
				6A6E739115ED0BB700B49D35 /* InfoPlist.strings */,
			);
			name = "Supporting Files";
			sourceTree = "<group>";
		};
/* End PBXGroup section */

/* Begin PBXNativeTarget section */
		6A6E736515ED0BB700B49D35 /* ModalSB */ = {
			isa = PBXNativeTarget;
			buildConfigurationList = 6A6E739915ED0BB700B49D35 /* Build configuration list for PBXNativeTarget "ModalSB" */;
			buildPhases = (
				6A6E736215ED0BB700B49D35 /* Sources */,
				6A6E736315ED0BB700B49D35 /* Frameworks */,
				6A6E736415ED0BB700B49D35 /* Resources */,
			);
			buildRules = (
			);
			dependencies = (
			);
			name = ModalSB;
			productName = ModalSB;
			productReference = 6A6E736615ED0BB700B49D35 /* ModalSB.app */;
			productType = "com.apple.product-type.application";
		};
		6A6E738615ED0BB700B49D35 /* ModalSBTests */ = {
			isa = PBXNativeTarget;
			buildConfigurationList = 6A6E739C15ED0BB700B49D35 /* Build configuration list for PBXNativeTarget "ModalSBTests" */;
			buildPhases = (
				6A6E738215ED0BB700B49D35 /* Sources */,
				6A6E738315ED0BB700B49D35 /* Frameworks */,
				6A6E738415ED0BB700B49D35 /* Resources */,
				6A6E738515ED0BB700B49D35 /* ShellScript */,
			);
			buildRules = (
			);
			dependencies = (
				6A6E738D15ED0BB700B49D35 /* PBXTargetDependency */,
			);
			name = ModalSBTests;
			productName = ModalSBTests;
			productReference = 6A6E738715ED0BB700B49D35 /* ModalSBTests.octest */;
			productType = "com.apple.product-type.bundle";
		};
/* End PBXNativeTarget section */

/* Begin PBXProject section */
		6A6E735D15ED0BB700B49D35 /* Project object */ = {
			isa = PBXProject;
			attributes = {
				CLASSPREFIX = Principal;
				LastUpgradeCheck = 0440;
				ORGANIZATIONNAME = "Rafael Brigagão Paulino";
			};
			buildConfigurationList = 6A6E736015ED0BB700B49D35 /* Build configuration list for PBXProject "ModalSB" */;
			compatibilityVersion = "Xcode 3.2";
			developmentRegion = English;
			hasScannedForEncodings = 0;
			knownRegions = (
				en,
			);
			mainGroup = 6A6E735B15ED0BB700B49D35;
			productRefGroup = 6A6E736715ED0BB700B49D35 /* Products */;
			projectDirPath = "";
			projectRoot = "";
			targets = (
				6A6E736515ED0BB700B49D35 /* ModalSB */,
				6A6E738615ED0BB700B49D35 /* ModalSBTests */,
			);
		};
/* End PBXProject section */

/* Begin PBXResourcesBuildPhase section */
		6A6E736415ED0BB700B49D35 /* Resources */ = {
			isa = PBXResourcesBuildPhase;
			buildActionMask = 2147483647;
			files = (
				6A6E737515ED0BB700B49D35 /* InfoPlist.strings in Resources */,
				6A6E737E15ED0BB700B49D35 /* MainStoryboard.storyboard in Resources */,
			);
			runOnlyForDeploymentPostprocessing = 0;
		};
		6A6E738415ED0BB700B49D35 /* Resources */ = {
			isa = PBXResourcesBuildPhase;
			buildActionMask = 2147483647;
			files = (
				6A6E739315ED0BB700B49D35 /* InfoPlist.strings in Resources */,
			);
			runOnlyForDeploymentPostprocessing = 0;
		};
/* End PBXResourcesBuildPhase section */

/* Begin PBXShellScriptBuildPhase section */
		6A6E738515ED0BB700B49D35 /* ShellScript */ = {
			isa = PBXShellScriptBuildPhase;
			buildActionMask = 2147483647;
			files = (
			);
			inputPaths = (
			);
			outputPaths = (
			);
			runOnlyForDeploymentPostprocessing = 0;
			shellPath = /bin/sh;
			shellScript = "# Run the unit tests in this test bundle.\n\"${SYSTEM_DEVELOPER_DIR}/Tools/RunUnitTests\"\n";
		};
/* End PBXShellScriptBuildPhase section */

/* Begin PBXSourcesBuildPhase section */
		6A6E736215ED0BB700B49D35 /* Sources */ = {
			isa = PBXSourcesBuildPhase;
			buildActionMask = 2147483647;
			files = (
				6A6E737715ED0BB700B49D35 /* main.m in Sources */,
				6A6E737B15ED0BB700B49D35 /* PrincipalAppDelegate.m in Sources */,
				6A6E738115ED0BB700B49D35 /* PrincipalViewController.m in Sources */,
			);
			runOnlyForDeploymentPostprocessing = 0;
		};
		6A6E738215ED0BB700B49D35 /* Sources */ = {
			isa = PBXSourcesBuildPhase;
			buildActionMask = 2147483647;
			files = (
				6A6E739615ED0BB700B49D35 /* ModalSBTests.m in Sources */,
			);
			runOnlyForDeploymentPostprocessing = 0;
		};
/* End PBXSourcesBuildPhase section */

/* Begin PBXTargetDependency section */
		6A6E738D15ED0BB700B49D35 /* PBXTargetDependency */ = {
			isa = PBXTargetDependency;
			target = 6A6E736515ED0BB700B49D35 /* ModalSB */;
			targetProxy = 6A6E738C15ED0BB700B49D35 /* PBXContainerItemProxy */;
		};
/* End PBXTargetDependency section */

/* Begin PBXVariantGroup section */
		6A6E737315ED0BB700B49D35 /* InfoPlist.strings */ = {
			isa = PBXVariantGroup;
			children = (
				6A6E737415ED0BB700B49D35 /* en */,
			);
			name = InfoPlist.strings;
			sourceTree = "<group>";
		};
		6A6E737C15ED0BB700B49D35 /* MainStoryboard.storyboard */ = {
			isa = PBXVariantGroup;
			children = (
				6A6E737D15ED0BB700B49D35 /* en */,
			);
			name = MainStoryboard.storyboard;
			sourceTree = "<group>";
		};
		6A6E739115ED0BB700B49D35 /* InfoPlist.strings */ = {
			isa = PBXVariantGroup;
			children = (
				6A6E739215ED0BB700B49D35 /* en */,
			);
			name = InfoPlist.strings;
			sourceTree = "<group>";
		};
/* End PBXVariantGroup section */

/* Begin XCBuildConfiguration section */
		6A6E739715ED0BB700B49D35 /* Debug */ = {
			isa = XCBuildConfiguration;
			buildSettings = {
				ALWAYS_SEARCH_USER_PATHS = NO;
				ARCHS = "$(ARCHS_STANDARD_32_BIT)";
				CLANG_CXX_LANGUAGE_STANDARD = "gnu++0x";
				CLANG_ENABLE_OBJC_ARC = YES;
				CLANG_WARN__DUPLICATE_METHOD_MATCH = YES;
				"CODE_SIGN_IDENTITY[sdk=iphoneos*]" = "iPhone Developer";
				COPY_PHASE_STRIP = NO;
				GCC_C_LANGUAGE_STANDARD = gnu99;
				GCC_DYNAMIC_NO_PIC = NO;
				GCC_OPTIMIZATION_LEVEL = 0;
				GCC_PREPROCESSOR_DEFINITIONS = (
					"DEBUG=1",
					"$(inherited)",
				);
				GCC_SYMBOLS_PRIVATE_EXTERN = NO;
				GCC_VERSION = com.apple.compilers.llvm.clang.1_0;
				GCC_WARN_ABOUT_RETURN_TYPE = YES;
				GCC_WARN_UNINITIALIZED_AUTOS = YES;
				GCC_WARN_UNUSED_VARIABLE = YES;
				IPHONEOS_DEPLOYMENT_TARGET = 5.1;
				SDKROOT = iphoneos;
			};
			name = Debug;
		};
		6A6E739815ED0BB700B49D35 /* Release */ = {
			isa = XCBuildConfiguration;
			buildSettings = {
				ALWAYS_SEARCH_USER_PATHS = NO;
				ARCHS = "$(ARCHS_STANDARD_32_BIT)";
				CLANG_CXX_LANGUAGE_STANDARD = "gnu++0x";
				CLANG_ENABLE_OBJC_ARC = YES;
				CLANG_WARN__DUPLICATE_METHOD_MATCH = YES;
				"CODE_SIGN_IDENTITY[sdk=iphoneos*]" = "iPhone Developer";
				COPY_PHASE_STRIP = YES;
				GCC_C_LANGUAGE_STANDARD = gnu99;
				GCC_VERSION = com.apple.compilers.llvm.clang.1_0;
				GCC_WARN_ABOUT_RETURN_TYPE = YES;
				GCC_WARN_UNINITIALIZED_AUTOS = YES;
				GCC_WARN_UNUSED_VARIABLE = YES;
				IPHONEOS_DEPLOYMENT_TARGET = 5.1;
				OTHER_CFLAGS = "-DNS_BLOCK_ASSERTIONS=1";
				SDKROOT = iphoneos;
				VALIDATE_PRODUCT = YES;
			};
			name = Release;
		};
		6A6E739A15ED0BB700B49D35 /* Debug */ = {
			isa = XCBuildConfiguration;
			buildSettings = {
				GCC_PRECOMPILE_PREFIX_HEADER = YES;
				GCC_PREFIX_HEADER = "ModalSB/ModalSB-Prefix.pch";
				INFOPLIST_FILE = "ModalSB/ModalSB-Info.plist";
				PRODUCT_NAME = "$(TARGET_NAME)";
				WRAPPER_EXTENSION = app;
			};
			name = Debug;
		};
		6A6E739B15ED0BB700B49D35 /* Release */ = {
			isa = XCBuildConfiguration;
			buildSettings = {
				GCC_PRECOMPILE_PREFIX_HEADER = YES;
				GCC_PREFIX_HEADER = "ModalSB/ModalSB-Prefix.pch";
				INFOPLIST_FILE = "ModalSB/ModalSB-Info.plist";
				PRODUCT_NAME = "$(TARGET_NAME)";
				WRAPPER_EXTENSION = app;
			};
			name = Release;
		};
		6A6E739D15ED0BB700B49D35 /* Debug */ = {
			isa = XCBuildConfiguration;
			buildSettings = {
				BUNDLE_LOADER = "$(BUILT_PRODUCTS_DIR)/ModalSB.app/ModalSB";
				FRAMEWORK_SEARCH_PATHS = (
					"\"$(SDKROOT)/Developer/Library/Frameworks\"",
					"\"$(DEVELOPER_LIBRARY_DIR)/Frameworks\"",
				);
				GCC_PRECOMPILE_PREFIX_HEADER = YES;
				GCC_PREFIX_HEADER = "ModalSB/ModalSB-Prefix.pch";
				INFOPLIST_FILE = "ModalSBTests/ModalSBTests-Info.plist";
				PRODUCT_NAME = "$(TARGET_NAME)";
				TEST_HOST = "$(BUNDLE_LOADER)";
				WRAPPER_EXTENSION = octest;
			};
			name = Debug;
		};
		6A6E739E15ED0BB700B49D35 /* Release */ = {
			isa = XCBuildConfiguration;
			buildSettings = {
				BUNDLE_LOADER = "$(BUILT_PRODUCTS_DIR)/ModalSB.app/ModalSB";
				FRAMEWORK_SEARCH_PATHS = (
					"\"$(SDKROOT)/Developer/Library/Frameworks\"",
					"\"$(DEVELOPER_LIBRARY_DIR)/Frameworks\"",
				);
				GCC_PRECOMPILE_PREFIX_HEADER = YES;
				GCC_PREFIX_HEADER = "ModalSB/ModalSB-Prefix.pch";
				INFOPLIST_FILE = "ModalSBTests/ModalSBTests-Info.plist";
				PRODUCT_NAME = "$(TARGET_NAME)";
				TEST_HOST = "$(BUNDLE_LOADER)";
				WRAPPER_EXTENSION = octest;
			};
			name = Release;
		};
/* End XCBuildConfiguration section */

/* Begin XCConfigurationList section */
		6A6E736015ED0BB700B49D35 /* Build configuration list for PBXProject "ModalSB" */ = {
			isa = XCConfigurationList;
			buildConfigurations = (
				6A6E739715ED0BB700B49D35 /* Debug */,
				6A6E739815ED0BB700B49D35 /* Release */,
			);
			defaultConfigurationIsVisible = 0;
			defaultConfigurationName = Release;
		};
		6A6E739915ED0BB700B49D35 /* Build configuration list for PBXNativeTarget "ModalSB" */ = {
			isa = XCConfigurationList;
			buildConfigurations = (
				6A6E739A15ED0BB700B49D35 /* Debug */,
				6A6E739B15ED0BB700B49D35 /* Release */,
			);
			defaultConfigurationIsVisible = 0;
		};
		6A6E739C15ED0BB700B49D35 /* Build configuration list for PBXNativeTarget "ModalSBTests" */ = {
			isa = XCConfigurationList;
			buildConfigurations = (
				6A6E739D15ED0BB700B49D35 /* Debug */,
				6A6E739E15ED0BB700B49D35 /* Release */,
			);
			defaultConfigurationIsVisible = 0;
		};
/* End XCConfigurationList section */
	};
	rootObject = 6A6E735D15ED0BB700B49D35 /* Project object */;
}
